
Microsoft Visual Studio Solution File, Format Version 12.00
# Visual Studio Version 17
VisualStudioVersion = 17.5.002.0
MinimumVisualStudioVersion = 10.0.40219.1
Project("{9A19103F-16F7-4668-BE54-9A1E7A4F7556}") = "NetCoreBBS", "NetCoreBBS.csproj", "{3CA8362D-AB15-496C-B171-FA7C39966972}"
EndProject
Global
	GlobalSection(SolutionConfigurationPlatforms) = preSolution
		Debug|Any CPU = Debug|Any CPU
		Release|Any CPU = Release|Any CPU
	EndGlobalSection
	GlobalSection(ProjectConfigurationPlatforms) = postSolution
		{3CA8362D-AB15-496C-B171-FA7C39966972}.Debug|Any CPU.ActiveCfg = Debug|Any CPU
		{3CA8362D-AB15-496C-B171-FA7C39966972}.Debug|Any CPU.Build.0 = Debug|Any CPU
		{3CA8362D-AB15-496C-B171-FA7C39966972}.Release|Any CPU.ActiveCfg = Release|Any CPU
		{3CA8362D-AB15-496C-B171-FA7C39966972}.Release|Any CPU.Build.0 = Release|Any CPU
	EndGlobalSection
	GlobalSection(SolutionProperties) = preSolution
		HideSolutionNode = FALSE
	EndGlobalSection
	GlobalSection(ExtensibilityGlobals) = postSolution
		SolutionGuid = {4462C584-8AF4-43C9-BA07-B260ADEE87B1}
	EndGlobalSection
EndGlobal
